
Microsoft Visual Studio Solution File, Format Version 12.00
# Visual Studio Version 17
VisualStudioVersion = 17.0.31903.59
MinimumVisualStudioVersion = 10.0.40219.1
Project("{2150E333-8FDC-42A3-9474-1A3956D46DE8}") = "src", "src", "{E31AE3AB-195E-4444-82FB-6FB9F636564F}"
EndProject
Project("{2150E333-8FDC-42A3-9474-1A3956D46DE8}") = "Libraries", "Libraries", "{D959E18A-BB24-4624-AC42-9E06BEF956AF}"
EndProject
Project("{2150E333-8FDC-42A3-9474-1A3956D46DE8}") = "Data", "Data", "{4118EE33-82D9-4AC2-9B91-EAC688741FBB}"
EndProject
Project("{FAE04EC0-301F-11D3-BF4B-00C04F79EFBC}") = "Trimango.Data.Mssql", "src\Libraries\Data\Trimango.Data.Mssql\Trimango.Data.Mssql.csproj", "{EEC9A0D4-1731-495A-AC72-1E5703F1312F}"
EndProject
Project("{2150E333-8FDC-42A3-9474-1A3956D46DE8}") = "Dto", "Dto", "{DD1205DD-29BB-49B8-8C31-81572722CFA4}"
EndProject
Project("{FAE04EC0-301F-11D3-BF4B-00C04F79EFBC}") = "Trimango.Dto.Mssql", "src\Libraries\Dto\Trimango.Dto.Mssql\Trimango.Dto.Mssql.csproj", "{0504A585-9E6D-411F-AF4A-220726374E14}"
EndProject
Project("{2150E333-8FDC-42A3-9474-1A3956D46DE8}") = "Mssql", "Mssql", "{C783E039-B7CB-4C98-9F20-160F7FA870DB}"
EndProject
Project("{FAE04EC0-301F-11D3-BF4B-00C04F79EFBC}") = "Trimango.Mssql", "src\Libraries\Mssql\Trimango.Mssql\Trimango.Mssql.csproj", "{146AB588-835B-4713-96DB-D90923C82C3A}"
EndProject
Project("{2150E333-8FDC-42A3-9474-1A3956D46DE8}") = "Mssql.Services", "Mssql.Services", "{692428A5-0616-4034-9294-0858FBFA4623}"
EndProject
Project("{FAE04EC0-301F-11D3-BF4B-00C04F79EFBC}") = "Trimango.Mssql.Services", "src\Libraries\Mssql.Services\Trimango.Mssql.Services\Trimango.Mssql.Services.csproj", "{7DF046C4-4611-476E-B8E7-B04EAE08C2F5}"
EndProject
Project("{2150E333-8FDC-42A3-9474-1A3956D46DE8}") = "Presentation", "Presentation", "{84EF3F12-2906-4517-84AC-9C3E351274C6}"
EndProject
Project("{2150E333-8FDC-42A3-9474-1A3956D46DE8}") = "Api", "Api", "{B7E03E41-D44A-4B9D-BAE3-379FEC4D71E0}"
EndProject
Project("{FAE04EC0-301F-11D3-BF4B-00C04F79EFBC}") = "Trimango.Api", "src\Presentation\Api\Trimango.Api\Trimango.Api.csproj", "{EB0B4CCE-1309-4150-825A-657649FF5E83}"
EndProject
Project("{2150E333-8FDC-42A3-9474-1A3956D46DE8}") = "Web", "Web", "{E7AFDBDA-6E2E-4690-89E5-4DE69059CF14}"
EndProject
Global
	GlobalSection(SolutionConfigurationPlatforms) = preSolution
		Debug|Any CPU = Debug|Any CPU
		Release|Any CPU = Release|Any CPU
	EndGlobalSection
	GlobalSection(SolutionProperties) = preSolution
		HideSolutionNode = FALSE
	EndGlobalSection
	GlobalSection(ProjectConfigurationPlatforms) = postSolution
		{EEC9A0D4-1731-495A-AC72-1E5703F1312F}.Debug|Any CPU.ActiveCfg = Debug|Any CPU
		{EEC9A0D4-1731-495A-AC72-1E5703F1312F}.Debug|Any CPU.Build.0 = Debug|Any CPU
		{EEC9A0D4-1731-495A-AC72-1E5703F1312F}.Release|Any CPU.ActiveCfg = Release|Any CPU
		{EEC9A0D4-1731-495A-AC72-1E5703F1312F}.Release|Any CPU.Build.0 = Release|Any CPU
		{0504A585-9E6D-411F-AF4A-220726374E14}.Debug|Any CPU.ActiveCfg = Debug|Any CPU
		{0504A585-9E6D-411F-AF4A-220726374E14}.Debug|Any CPU.Build.0 = Debug|Any CPU
		{0504A585-9E6D-411F-AF4A-220726374E14}.Release|Any CPU.ActiveCfg = Release|Any CPU
		{0504A585-9E6D-411F-AF4A-220726374E14}.Release|Any CPU.Build.0 = Release|Any CPU
		{146AB588-835B-4713-96DB-D90923C82C3A}.Debug|Any CPU.ActiveCfg = Debug|Any CPU
		{146AB588-835B-4713-96DB-D90923C82C3A}.Debug|Any CPU.Build.0 = Debug|Any CPU
		{146AB588-835B-4713-96DB-D90923C82C3A}.Release|Any CPU.ActiveCfg = Release|Any CPU
		{146AB588-835B-4713-96DB-D90923C82C3A}.Release|Any CPU.Build.0 = Release|Any CPU
		{7DF046C4-4611-476E-B8E7-B04EAE08C2F5}.Debug|Any CPU.ActiveCfg = Debug|Any CPU
		{7DF046C4-4611-476E-B8E7-B04EAE08C2F5}.Debug|Any CPU.Build.0 = Debug|Any CPU
		{7DF046C4-4611-476E-B8E7-B04EAE08C2F5}.Release|Any CPU.ActiveCfg = Release|Any CPU
		{7DF046C4-4611-476E-B8E7-B04EAE08C2F5}.Release|Any CPU.Build.0 = Release|Any CPU
		{EB0B4CCE-1309-4150-825A-657649FF5E83}.Debug|Any CPU.ActiveCfg = Debug|Any CPU
		{EB0B4CCE-1309-4150-825A-657649FF5E83}.Debug|Any CPU.Build.0 = Debug|Any CPU
		{EB0B4CCE-1309-4150-825A-657649FF5E83}.Release|Any CPU.ActiveCfg = Release|Any CPU
		{EB0B4CCE-1309-4150-825A-657649FF5E83}.Release|Any CPU.Build.0 = Release|Any CPU
	EndGlobalSection
	GlobalSection(NestedProjects) = preSolution
		{D959E18A-BB24-4624-AC42-9E06BEF956AF} = {E31AE3AB-195E-4444-82FB-6FB9F636564F}
		{4118EE33-82D9-4AC2-9B91-EAC688741FBB} = {D959E18A-BB24-4624-AC42-9E06BEF956AF}
		{EEC9A0D4-1731-495A-AC72-1E5703F1312F} = {4118EE33-82D9-4AC2-9B91-EAC688741FBB}
		{DD1205DD-29BB-49B8-8C31-81572722CFA4} = {D959E18A-BB24-4624-AC42-9E06BEF956AF}
		{0504A585-9E6D-411F-AF4A-220726374E14} = {DD1205DD-29BB-49B8-8C31-81572722CFA4}
		{C783E039-B7CB-4C98-9F20-160F7FA870DB} = {D959E18A-BB24-4624-AC42-9E06BEF956AF}
		{146AB588-835B-4713-96DB-D90923C82C3A} = {C783E039-B7CB-4C98-9F20-160F7FA870DB}
		{692428A5-0616-4034-9294-0858FBFA4623} = {D959E18A-BB24-4624-AC42-9E06BEF956AF}
		{7DF046C4-4611-476E-B8E7-B04EAE08C2F5} = {692428A5-0616-4034-9294-0858FBFA4623}
		{84EF3F12-2906-4517-84AC-9C3E351274C6} = {E31AE3AB-195E-4444-82FB-6FB9F636564F}
		{B7E03E41-D44A-4B9D-BAE3-379FEC4D71E0} = {84EF3F12-2906-4517-84AC-9C3E351274C6}
		{EB0B4CCE-1309-4150-825A-657649FF5E83} = {B7E03E41-D44A-4B9D-BAE3-379FEC4D71E0}
		{E7AFDBDA-6E2E-4690-89E5-4DE69059CF14} = {84EF3F12-2906-4517-84AC-9C3E351274C6}
	EndGlobalSection
EndGlobal
